
Microsoft Visual Studio Solution File, Format Version 11.00
# Visual Studio 2010
Project("{FAE04EC0-301F-11D3-BF4B-00C04F79EFBC}") = "Assembly-CSharp", "Assembly-CSharp.csproj", "{5b4e2748-aac3-9d37-ccf2-63d9fb27f1ae}"
EndProject
Project("{FAE04EC0-301F-11D3-BF4B-00C04F79EFBC}") = "Assembly-CSharp-Editor", "Assembly-CSharp-Editor.csproj", "{9de1ab12-3bc1-faac-1597-0b52b2f0e8a6}"
EndProject
Global
	GlobalSection(SolutionConfigurationPlatforms) = preSolution
		Debug|Any CPU = Debug|Any CPU
	EndGlobalSection
	GlobalSection(ProjectConfigurationPlatforms) = postSolution
		{5b4e2748-aac3-9d37-ccf2-63d9fb27f1ae}.Debug|Any CPU.ActiveCfg = Debug|Any CPU
		{5b4e2748-aac3-9d37-ccf2-63d9fb27f1ae}.Debug|Any CPU.Build.0 = Debug|Any CPU
		{9de1ab12-3bc1-faac-1597-0b52b2f0e8a6}.Debug|Any CPU.ActiveCfg = Debug|Any CPU
		{9de1ab12-3bc1-faac-1597-0b52b2f0e8a6}.Debug|Any CPU.Build.0 = Debug|Any CPU
	EndGlobalSection
	GlobalSection(SolutionProperties) = preSolution
		HideSolutionNode = FALSE
	EndGlobalSection
EndGlobal
